
Microsoft Visual Studio Solution File, Format Version 12.00
# Visual Studio 14
VisualStudioVersion = 14.0.24720.0
MinimumVisualStudioVersion = 10.0.40219.1
Project("{FAE04EC0-301F-11D3-BF4B-00C04F79EFBC}") = "RusRoadServer", "RusRoadServer\RusRoadServer.csproj", "{C6532BF2-5FF3-4C49-AF8D-CEFCCAEE6640}"
EndProject
Project("{FAE04EC0-301F-11D3-BF4B-00C04F79EFBC}") = "RusRoadClient", "RusRoadClient\RusRoadClient.csproj", "{280B2B31-937C-4101-835C-216F7782C991}"
EndProject
Project("{FAE04EC0-301F-11D3-BF4B-00C04F79EFBC}") = "RusRoadLib", "RusRoadLib\RusRoadLib.csproj", "{05315198-37F1-4B54-9FB7-EBD7EB0BC5E6}"
EndProject
Project("{FAE04EC0-301F-11D3-BF4B-00C04F79EFBC}") = "_Nlog", "_Nlog\_Nlog.csproj", "{21673C6F-1B40-4DEF-A682-8BBCDA0BFB20}"
EndProject
Project("{FAE04EC0-301F-11D3-BF4B-00C04F79EFBC}") = "OkrDB", "OkrDB\OkrDB.csproj", "{6F547B6B-A4F4-4E95-862B-04DCB6EBC7ED}"
EndProject
Project("{FAE04EC0-301F-11D3-BF4B-00C04F79EFBC}") = "SimpleLib", "SimpleLib\SimpleLib.csproj", "{4702FB3E-464E-4699-865A-E5EBF0EFB984}"
EndProject
Project("{FAE04EC0-301F-11D3-BF4B-00C04F79EFBC}") = "SimpleServer", "SimpleServer\SimpleServer.csproj", "{8A803F39-6DD4-4627-90B4-9F036044205C}"
EndProject
Project("{FAE04EC0-301F-11D3-BF4B-00C04F79EFBC}") = "ReportService", "ReportService\ReportService.csproj", "{BD7D0004-D28F-46C7-956D-42A0311FCE6E}"
EndProject
Project("{FAE04EC0-301F-11D3-BF4B-00C04F79EFBC}") = "TcpReportService", "TcpReportService\TcpReportService.csproj", "{5D4F4A00-084F-4E11-8A8F-0F1A78B84C8B}"
EndProject
Project("{2150E333-8FDC-42A3-9474-1A3956D46DE8}") = "Solution Items", "Solution Items", "{E0A05D01-AE79-453E-96CF-F3AE8783FAB9}"
	ProjectSection(SolutionItems) = preProject
		_Script\CreateDB.sql = _Script\CreateDB.sql
		passage.txt = passage.txt
		Readme.txt = Readme.txt
		_Script\SQLQuery1.sql = _Script\SQLQuery1.sql
	EndProjectSection
EndProject
Project("{FAE04EC0-301F-11D3-BF4B-00C04F79EFBC}") = "RusRoadService", "RusRoadService\RusRoadService.csproj", "{EDC979AC-2B5E-49C3-B174-7574CD778D3B}"
EndProject
Project("{FAE04EC0-301F-11D3-BF4B-00C04F79EFBC}") = "RRReportServer", "RRReportServer\RRReportServer.csproj", "{B2ED4BF0-950F-42E6-A6D4-08FEBE6A9B34}"
EndProject
Global
	GlobalSection(SolutionConfigurationPlatforms) = preSolution
		Debug|Any CPU = Debug|Any CPU
		Release|Any CPU = Release|Any CPU
	EndGlobalSection
	GlobalSection(ProjectConfigurationPlatforms) = postSolution
		{C6532BF2-5FF3-4C49-AF8D-CEFCCAEE6640}.Debug|Any CPU.ActiveCfg = Debug|Any CPU
		{C6532BF2-5FF3-4C49-AF8D-CEFCCAEE6640}.Debug|Any CPU.Build.0 = Debug|Any CPU
		{C6532BF2-5FF3-4C49-AF8D-CEFCCAEE6640}.Release|Any CPU.ActiveCfg = Release|Any CPU
		{C6532BF2-5FF3-4C49-AF8D-CEFCCAEE6640}.Release|Any CPU.Build.0 = Release|Any CPU
		{280B2B31-937C-4101-835C-216F7782C991}.Debug|Any CPU.ActiveCfg = Debug|Any CPU
		{280B2B31-937C-4101-835C-216F7782C991}.Debug|Any CPU.Build.0 = Debug|Any CPU
		{280B2B31-937C-4101-835C-216F7782C991}.Release|Any CPU.ActiveCfg = Release|Any CPU
		{280B2B31-937C-4101-835C-216F7782C991}.Release|Any CPU.Build.0 = Release|Any CPU
		{05315198-37F1-4B54-9FB7-EBD7EB0BC5E6}.Debug|Any CPU.ActiveCfg = Debug|Any CPU
		{05315198-37F1-4B54-9FB7-EBD7EB0BC5E6}.Debug|Any CPU.Build.0 = Debug|Any CPU
		{05315198-37F1-4B54-9FB7-EBD7EB0BC5E6}.Release|Any CPU.ActiveCfg = Release|Any CPU
		{05315198-37F1-4B54-9FB7-EBD7EB0BC5E6}.Release|Any CPU.Build.0 = Release|Any CPU
		{21673C6F-1B40-4DEF-A682-8BBCDA0BFB20}.Debug|Any CPU.ActiveCfg = Debug|Any CPU
		{21673C6F-1B40-4DEF-A682-8BBCDA0BFB20}.Debug|Any CPU.Build.0 = Debug|Any CPU
		{21673C6F-1B40-4DEF-A682-8BBCDA0BFB20}.Release|Any CPU.ActiveCfg = Release|Any CPU
		{21673C6F-1B40-4DEF-A682-8BBCDA0BFB20}.Release|Any CPU.Build.0 = Release|Any CPU
		{6F547B6B-A4F4-4E95-862B-04DCB6EBC7ED}.Debug|Any CPU.ActiveCfg = Debug|Any CPU
		{6F547B6B-A4F4-4E95-862B-04DCB6EBC7ED}.Debug|Any CPU.Build.0 = Debug|Any CPU
		{6F547B6B-A4F4-4E95-862B-04DCB6EBC7ED}.Release|Any CPU.ActiveCfg = Release|Any CPU
		{6F547B6B-A4F4-4E95-862B-04DCB6EBC7ED}.Release|Any CPU.Build.0 = Release|Any CPU
		{4702FB3E-464E-4699-865A-E5EBF0EFB984}.Debug|Any CPU.ActiveCfg = Debug|Any CPU
		{4702FB3E-464E-4699-865A-E5EBF0EFB984}.Debug|Any CPU.Build.0 = Debug|Any CPU
		{4702FB3E-464E-4699-865A-E5EBF0EFB984}.Release|Any CPU.ActiveCfg = Release|Any CPU
		{4702FB3E-464E-4699-865A-E5EBF0EFB984}.Release|Any CPU.Build.0 = Release|Any CPU
		{8A803F39-6DD4-4627-90B4-9F036044205C}.Debug|Any CPU.ActiveCfg = Debug|Any CPU
		{8A803F39-6DD4-4627-90B4-9F036044205C}.Debug|Any CPU.Build.0 = Debug|Any CPU
		{8A803F39-6DD4-4627-90B4-9F036044205C}.Release|Any CPU.ActiveCfg = Release|Any CPU
		{8A803F39-6DD4-4627-90B4-9F036044205C}.Release|Any CPU.Build.0 = Release|Any CPU
		{BD7D0004-D28F-46C7-956D-42A0311FCE6E}.Debug|Any CPU.ActiveCfg = Debug|Any CPU
		{BD7D0004-D28F-46C7-956D-42A0311FCE6E}.Debug|Any CPU.Build.0 = Debug|Any CPU
		{BD7D0004-D28F-46C7-956D-42A0311FCE6E}.Release|Any CPU.ActiveCfg = Release|Any CPU
		{BD7D0004-D28F-46C7-956D-42A0311FCE6E}.Release|Any CPU.Build.0 = Release|Any CPU
		{5D4F4A00-084F-4E11-8A8F-0F1A78B84C8B}.Debug|Any CPU.ActiveCfg = Debug|Any CPU
		{5D4F4A00-084F-4E11-8A8F-0F1A78B84C8B}.Debug|Any CPU.Build.0 = Debug|Any CPU
		{5D4F4A00-084F-4E11-8A8F-0F1A78B84C8B}.Release|Any CPU.ActiveCfg = Release|Any CPU
		{5D4F4A00-084F-4E11-8A8F-0F1A78B84C8B}.Release|Any CPU.Build.0 = Release|Any CPU
		{EDC979AC-2B5E-49C3-B174-7574CD778D3B}.Debug|Any CPU.ActiveCfg = Debug|Any CPU
		{EDC979AC-2B5E-49C3-B174-7574CD778D3B}.Debug|Any CPU.Build.0 = Debug|Any CPU
		{EDC979AC-2B5E-49C3-B174-7574CD778D3B}.Release|Any CPU.ActiveCfg = Release|Any CPU
		{EDC979AC-2B5E-49C3-B174-7574CD778D3B}.Release|Any CPU.Build.0 = Release|Any CPU
		{B2ED4BF0-950F-42E6-A6D4-08FEBE6A9B34}.Debug|Any CPU.ActiveCfg = Debug|Any CPU
		{B2ED4BF0-950F-42E6-A6D4-08FEBE6A9B34}.Debug|Any CPU.Build.0 = Debug|Any CPU
		{B2ED4BF0-950F-42E6-A6D4-08FEBE6A9B34}.Release|Any CPU.ActiveCfg = Release|Any CPU
		{B2ED4BF0-950F-42E6-A6D4-08FEBE6A9B34}.Release|Any CPU.Build.0 = Release|Any CPU
	EndGlobalSection
	GlobalSection(SolutionProperties) = preSolution
		HideSolutionNode = FALSE
	EndGlobalSection
EndGlobal
